
Microsoft Visual Studio Solution File, Format Version 12.00
# Visual Studio Version 16
VisualStudioVersion = 16.0.31911.196
MinimumVisualStudioVersion = 10.0.40219.1
Project("{9A19103F-16F7-4668-BE54-9A1E7A4F7556}") = "Shared", "Shared\Shared.csproj", "{807C0658-F049-4019-91C5-26D1748F3877}"
EndProject
Project("{2150E333-8FDC-42A3-9474-1A3956D46DE8}") = "Tasks", "Tasks", "{579D306B-6456-4FF4-93DF-26385903A2FF}"
EndProject
Project("{2150E333-8FDC-42A3-9474-1A3956D46DE8}") = "Task1", "Task1", "{EF2C342E-E46D-4061-B998-D237C4A3FE41}"
EndProject
Project("{2150E333-8FDC-42A3-9474-1A3956D46DE8}") = "Task2", "Task2", "{338BFB16-9C63-4486-AD99-EBDC02D9B820}"
EndProject
Project("{9A19103F-16F7-4668-BE54-9A1E7A4F7556}") = "Var1", "Task1\Var1\Var1.csproj", "{CA6E5455-E073-42E5-A2AA-14B876D61C41}"
EndProject
Project("{9A19103F-16F7-4668-BE54-9A1E7A4F7556}") = "Var2", "Task1\Var2\Var2.csproj", "{E4336808-3BCF-4DA8-8A54-FE95BE7A33C6}"
EndProject
Project("{9A19103F-16F7-4668-BE54-9A1E7A4F7556}") = "Var1", "Task2\Var1\Var1.csproj", "{E051B6FA-899E-4946-ADB3-9AE33B1FA8DA}"
EndProject
Project("{9A19103F-16F7-4668-BE54-9A1E7A4F7556}") = "Var2", "Task2\Var2\Var2.csproj", "{260AEFB8-87A7-4CBF-8233-3DE72ECCA7D1}"
EndProject
Global
	GlobalSection(SolutionConfigurationPlatforms) = preSolution
		Debug|Any CPU = Debug|Any CPU
		Release|Any CPU = Release|Any CPU
	EndGlobalSection
	GlobalSection(ProjectConfigurationPlatforms) = postSolution
		{807C0658-F049-4019-91C5-26D1748F3877}.Debug|Any CPU.ActiveCfg = Debug|Any CPU
		{807C0658-F049-4019-91C5-26D1748F3877}.Debug|Any CPU.Build.0 = Debug|Any CPU
		{807C0658-F049-4019-91C5-26D1748F3877}.Release|Any CPU.ActiveCfg = Release|Any CPU
		{807C0658-F049-4019-91C5-26D1748F3877}.Release|Any CPU.Build.0 = Release|Any CPU
		{CA6E5455-E073-42E5-A2AA-14B876D61C41}.Debug|Any CPU.ActiveCfg = Debug|Any CPU
		{CA6E5455-E073-42E5-A2AA-14B876D61C41}.Debug|Any CPU.Build.0 = Debug|Any CPU
		{CA6E5455-E073-42E5-A2AA-14B876D61C41}.Release|Any CPU.ActiveCfg = Release|Any CPU
		{CA6E5455-E073-42E5-A2AA-14B876D61C41}.Release|Any CPU.Build.0 = Release|Any CPU
		{E4336808-3BCF-4DA8-8A54-FE95BE7A33C6}.Debug|Any CPU.ActiveCfg = Debug|Any CPU
		{E4336808-3BCF-4DA8-8A54-FE95BE7A33C6}.Debug|Any CPU.Build.0 = Debug|Any CPU
		{E4336808-3BCF-4DA8-8A54-FE95BE7A33C6}.Release|Any CPU.ActiveCfg = Release|Any CPU
		{E4336808-3BCF-4DA8-8A54-FE95BE7A33C6}.Release|Any CPU.Build.0 = Release|Any CPU
		{E051B6FA-899E-4946-ADB3-9AE33B1FA8DA}.Debug|Any CPU.ActiveCfg = Debug|Any CPU
		{E051B6FA-899E-4946-ADB3-9AE33B1FA8DA}.Debug|Any CPU.Build.0 = Debug|Any CPU
		{E051B6FA-899E-4946-ADB3-9AE33B1FA8DA}.Release|Any CPU.ActiveCfg = Release|Any CPU
		{E051B6FA-899E-4946-ADB3-9AE33B1FA8DA}.Release|Any CPU.Build.0 = Release|Any CPU
		{260AEFB8-87A7-4CBF-8233-3DE72ECCA7D1}.Debug|Any CPU.ActiveCfg = Debug|Any CPU
		{260AEFB8-87A7-4CBF-8233-3DE72ECCA7D1}.Debug|Any CPU.Build.0 = Debug|Any CPU
		{260AEFB8-87A7-4CBF-8233-3DE72ECCA7D1}.Release|Any CPU.ActiveCfg = Release|Any CPU
		{260AEFB8-87A7-4CBF-8233-3DE72ECCA7D1}.Release|Any CPU.Build.0 = Release|Any CPU
	EndGlobalSection
	GlobalSection(SolutionProperties) = preSolution
		HideSolutionNode = FALSE
	EndGlobalSection
	GlobalSection(NestedProjects) = preSolution
		{807C0658-F049-4019-91C5-26D1748F3877} = {579D306B-6456-4FF4-93DF-26385903A2FF}
		{EF2C342E-E46D-4061-B998-D237C4A3FE41} = {579D306B-6456-4FF4-93DF-26385903A2FF}
		{338BFB16-9C63-4486-AD99-EBDC02D9B820} = {579D306B-6456-4FF4-93DF-26385903A2FF}
		{CA6E5455-E073-42E5-A2AA-14B876D61C41} = {EF2C342E-E46D-4061-B998-D237C4A3FE41}
		{E4336808-3BCF-4DA8-8A54-FE95BE7A33C6} = {EF2C342E-E46D-4061-B998-D237C4A3FE41}
		{E051B6FA-899E-4946-ADB3-9AE33B1FA8DA} = {338BFB16-9C63-4486-AD99-EBDC02D9B820}
		{260AEFB8-87A7-4CBF-8233-3DE72ECCA7D1} = {338BFB16-9C63-4486-AD99-EBDC02D9B820}
	EndGlobalSection
	GlobalSection(ExtensibilityGlobals) = postSolution
		SolutionGuid = {28DFCC3A-8B05-49ED-BEC7-3E774E18739B}
	EndGlobalSection
EndGlobal
