
Microsoft Visual Studio Solution File, Format Version 12.00
# Visual Studio Version 16
VisualStudioVersion = 16.0.31911.196
MinimumVisualStudioVersion = 10.0.40219.1
Project("{9A19103F-16F7-4668-BE54-9A1E7A4F7556}") = "Var1", "Task1\Var1.csproj", "{4FC61819-D060-46E2-AE38-6363B096FC50}"
EndProject
Project("{9A19103F-16F7-4668-BE54-9A1E7A4F7556}") = "Var2", "Task2\Var2.csproj", "{8D78C02F-9502-4217-B955-D0F282CB2635}"
EndProject
Project("{9A19103F-16F7-4668-BE54-9A1E7A4F7556}") = "Shared", "Shared\Shared.csproj", "{807C0658-F049-4019-91C5-26D1748F3877}"
EndProject
Project("{2150E333-8FDC-42A3-9474-1A3956D46DE8}") = "Tasks", "Tasks", "{579D306B-6456-4FF4-93DF-26385903A2FF}"
EndProject
Project("{2150E333-8FDC-42A3-9474-1A3956D46DE8}") = "Task1", "Task1", "{EF2C342E-E46D-4061-B998-D237C4A3FE41}"
EndProject
Project("{2150E333-8FDC-42A3-9474-1A3956D46DE8}") = "Task2", "Task2", "{338BFB16-9C63-4486-AD99-EBDC02D9B820}"
EndProject
Project("{9A19103F-16F7-4668-BE54-9A1E7A4F7556}") = "Var1", "Var1\Var1.csproj", "{CE2C0DDF-75C3-4D72-A6A2-5E67E4B5C45C}"
EndProject
Project("{FAE04EC0-301F-11D3-BF4B-00C04F79EFBC}") = "Var2", "Var2\Var2.csproj", "{FFEF88E2-BDE9-4F05-8D08-40A0AB3914ED}"
EndProject
Global
	GlobalSection(SolutionConfigurationPlatforms) = preSolution
		Debug|Any CPU = Debug|Any CPU
		Release|Any CPU = Release|Any CPU
	EndGlobalSection
	GlobalSection(ProjectConfigurationPlatforms) = postSolution
		{4FC61819-D060-46E2-AE38-6363B096FC50}.Debug|Any CPU.ActiveCfg = Debug|Any CPU
		{4FC61819-D060-46E2-AE38-6363B096FC50}.Debug|Any CPU.Build.0 = Debug|Any CPU
		{4FC61819-D060-46E2-AE38-6363B096FC50}.Release|Any CPU.ActiveCfg = Release|Any CPU
		{4FC61819-D060-46E2-AE38-6363B096FC50}.Release|Any CPU.Build.0 = Release|Any CPU
		{8D78C02F-9502-4217-B955-D0F282CB2635}.Debug|Any CPU.ActiveCfg = Debug|Any CPU
		{8D78C02F-9502-4217-B955-D0F282CB2635}.Debug|Any CPU.Build.0 = Debug|Any CPU
		{8D78C02F-9502-4217-B955-D0F282CB2635}.Release|Any CPU.ActiveCfg = Release|Any CPU
		{8D78C02F-9502-4217-B955-D0F282CB2635}.Release|Any CPU.Build.0 = Release|Any CPU
		{807C0658-F049-4019-91C5-26D1748F3877}.Debug|Any CPU.ActiveCfg = Debug|Any CPU
		{807C0658-F049-4019-91C5-26D1748F3877}.Debug|Any CPU.Build.0 = Debug|Any CPU
		{807C0658-F049-4019-91C5-26D1748F3877}.Release|Any CPU.ActiveCfg = Release|Any CPU
		{807C0658-F049-4019-91C5-26D1748F3877}.Release|Any CPU.Build.0 = Release|Any CPU
		{CE2C0DDF-75C3-4D72-A6A2-5E67E4B5C45C}.Debug|Any CPU.ActiveCfg = Debug|Any CPU
		{CE2C0DDF-75C3-4D72-A6A2-5E67E4B5C45C}.Debug|Any CPU.Build.0 = Debug|Any CPU
		{CE2C0DDF-75C3-4D72-A6A2-5E67E4B5C45C}.Release|Any CPU.ActiveCfg = Release|Any CPU
		{CE2C0DDF-75C3-4D72-A6A2-5E67E4B5C45C}.Release|Any CPU.Build.0 = Release|Any CPU
		{FFEF88E2-BDE9-4F05-8D08-40A0AB3914ED}.Debug|Any CPU.ActiveCfg = Debug|Any CPU
		{FFEF88E2-BDE9-4F05-8D08-40A0AB3914ED}.Debug|Any CPU.Build.0 = Debug|Any CPU
		{FFEF88E2-BDE9-4F05-8D08-40A0AB3914ED}.Release|Any CPU.ActiveCfg = Release|Any CPU
		{FFEF88E2-BDE9-4F05-8D08-40A0AB3914ED}.Release|Any CPU.Build.0 = Release|Any CPU
	EndGlobalSection
	GlobalSection(SolutionProperties) = preSolution
		HideSolutionNode = FALSE
	EndGlobalSection
	GlobalSection(NestedProjects) = preSolution
		{4FC61819-D060-46E2-AE38-6363B096FC50} = {EF2C342E-E46D-4061-B998-D237C4A3FE41}
		{8D78C02F-9502-4217-B955-D0F282CB2635} = {EF2C342E-E46D-4061-B998-D237C4A3FE41}
		{807C0658-F049-4019-91C5-26D1748F3877} = {EF2C342E-E46D-4061-B998-D237C4A3FE41}
		{EF2C342E-E46D-4061-B998-D237C4A3FE41} = {579D306B-6456-4FF4-93DF-26385903A2FF}
		{338BFB16-9C63-4486-AD99-EBDC02D9B820} = {579D306B-6456-4FF4-93DF-26385903A2FF}
		{CE2C0DDF-75C3-4D72-A6A2-5E67E4B5C45C} = {338BFB16-9C63-4486-AD99-EBDC02D9B820}
		{FFEF88E2-BDE9-4F05-8D08-40A0AB3914ED} = {338BFB16-9C63-4486-AD99-EBDC02D9B820}
	EndGlobalSection
	GlobalSection(ExtensibilityGlobals) = postSolution
		SolutionGuid = {28DFCC3A-8B05-49ED-BEC7-3E774E18739B}
	EndGlobalSection
EndGlobal
